// !$*UTF8*$!
{
	archiveVersion = 1;
	classes = {
	};
	objectVersion = 46;
	objects = {

/* Begin PBXFileReference section */
		64B852DB1A9920D100A49E62 /* .cproject */ = {isa = PBXFileReference; lastKnownFileType = text.xml; path = .cproject; sourceTree = "<group>"; };
		64B852DC1A9920D100A49E62 /* .project */ = {isa = PBXFileReference; lastKnownFileType = text.xml; path = .project; sourceTree = "<group>"; };
		64B852DE1A9920D100A49E62 /* CMakeLists.txt */ = {isa = PBXFileReference; lastKnownFileType = text; path = CMakeLists.txt; sourceTree = "<group>"; };
		64B852DF1A9920D100A49E62 /* Find-Object.icns */ = {isa = PBXFileReference; lastKnownFileType = image.icns; path = "Find-Object.icns"; sourceTree = "<group>"; };
		64B852E01A9920D100A49E62 /* Find-Object.ico */ = {isa = PBXFileReference; lastKnownFileType = image.ico; path = "Find-Object.ico"; sourceTree = "<group>"; };
		64B852E11A9920D100A49E62 /* Find-Object.ifx */ = {isa = PBXFileReference; lastKnownFileType = file; path = "Find-Object.ifx"; sourceTree = "<group>"; };
		64B852E21A9920D100A49E62 /* Find-Object.rc */ = {isa = PBXFileReference; lastKnownFileType = text; path = "Find-Object.rc"; sourceTree = "<group>"; };
		64B852E31A9920D100A49E62 /* main.cpp */ = {isa = PBXFileReference; lastKnownFileType = sourcecode.cpp.cpp; path = main.cpp; sourceTree = "<group>"; };
		64B852E51A9920D100A49E62 /* box.png */ = {isa = PBXFileReference; lastKnownFileType = image.png; path = box.png; sourceTree = "<group>"; };
		64B852E61A9920D100A49E62 /* box_in_scene.png */ = {isa = PBXFileReference; lastKnownFileType = image.png; path = box_in_scene.png; sourceTree = "<group>"; };
		64B852E81A9920D100A49E62 /* .empty */ = {isa = PBXFileReference; lastKnownFileType = text; path = .empty; sourceTree = "<group>"; };
		64B852E91A9920D100A49E62 /* cmake_uninstall.cmake.in */ = {isa = PBXFileReference; lastKnownFileType = text; path = cmake_uninstall.cmake.in; sourceTree = "<group>"; };
		64B852EA1A9920D100A49E62 /* CMakeLists.txt */ = {isa = PBXFileReference; lastKnownFileType = text; path = CMakeLists.txt; sourceTree = "<group>"; };
		64B852EC1A9920D100A49E62 /* CMakeLists.txt */ = {isa = PBXFileReference; lastKnownFileType = text; path = CMakeLists.txt; sourceTree = "<group>"; };
		64B852ED1A9920D100A49E62 /* main.cpp */ = {isa = PBXFileReference; lastKnownFileType = sourcecode.cpp.cpp; path = main.cpp; sourceTree = "<group>"; };
		64B852EE1A9920D100A49E62 /* FindObject.xcodeproj */ = {isa = PBXFileReference; lastKnownFileType = "wrapper.pb-project"; path = FindObject.xcodeproj; sourceTree = "<group>"; };
		64B852F11A9920D100A49E62 /* LICENSE */ = {isa = PBXFileReference; lastKnownFileType = text; path = LICENSE; sourceTree = "<group>"; };
		64B852F21A9920D100A49E62 /* README */ = {isa = PBXFileReference; lastKnownFileType = text; path = README; sourceTree = "<group>"; };
		64B852F41A9920D100A49E62 /* AboutDialog.cpp */ = {isa = PBXFileReference; lastKnownFileType = sourcecode.cpp.cpp; path = AboutDialog.cpp; sourceTree = "<group>"; };
		64B852F51A9920D100A49E62 /* AboutDialog.h */ = {isa = PBXFileReference; lastKnownFileType = sourcecode.c.h; path = AboutDialog.h; sourceTree = "<group>"; };
		64B852F61A9920D100A49E62 /* AddObjectDialog.cpp */ = {isa = PBXFileReference; lastKnownFileType = sourcecode.cpp.cpp; path = AddObjectDialog.cpp; sourceTree = "<group>"; };
		64B852F71A9920D100A49E62 /* AddObjectDialog.h */ = {isa = PBXFileReference; lastKnownFileType = sourcecode.c.h; path = AddObjectDialog.h; sourceTree = "<group>"; };
		64B852F81A9920D100A49E62 /* Camera.cpp */ = {isa = PBXFileReference; lastKnownFileType = sourcecode.cpp.cpp; path = Camera.cpp; sourceTree = "<group>"; };
		64B852F91A9920D100A49E62 /* Camera.h */ = {isa = PBXFileReference; lastKnownFileType = sourcecode.c.h; path = Camera.h; sourceTree = "<group>"; };
		64B852FA1A9920D100A49E62 /* KeypointItem.cpp */ = {isa = PBXFileReference; lastKnownFileType = sourcecode.cpp.cpp; path = KeypointItem.cpp; sourceTree = "<group>"; };
		64B852FB1A9920D100A49E62 /* KeypointItem.h */ = {isa = PBXFileReference; lastKnownFileType = sourcecode.c.h; path = KeypointItem.h; sourceTree = "<group>"; };
		64B852FC1A9920D100A49E62 /* MainWindow.cpp */ = {isa = PBXFileReference; lastKnownFileType = sourcecode.cpp.cpp; path = MainWindow.cpp; sourceTree = "<group>"; };
		64B852FD1A9920D100A49E62 /* MainWindow.h */ = {isa = PBXFileReference; lastKnownFileType = sourcecode.c.h; path = MainWindow.h; sourceTree = "<group>"; };
		64B852FE1A9920D100A49E62 /* ObjWidget.cpp */ = {isa = PBXFileReference; lastKnownFileType = sourcecode.cpp.cpp; path = ObjWidget.cpp; sourceTree = "<group>"; };
		64B852FF1A9920D100A49E62 /* ObjWidget.h */ = {isa = PBXFileReference; lastKnownFileType = sourcecode.c.h; path = ObjWidget.h; sourceTree = "<group>"; };
		64B853001A9920D100A49E62 /* ParametersToolBox.cpp */ = {isa = PBXFileReference; lastKnownFileType = sourcecode.cpp.cpp; path = ParametersToolBox.cpp; sourceTree = "<group>"; };
		64B853011A9920D100A49E62 /* ParametersToolBox.h */ = {isa = PBXFileReference; lastKnownFileType = sourcecode.c.h; path = ParametersToolBox.h; sourceTree = "<group>"; };
		64B853021A9920D100A49E62 /* QtOpenCV.cpp */ = {isa = PBXFileReference; lastKnownFileType = sourcecode.cpp.cpp; path = QtOpenCV.cpp; sourceTree = "<group>"; };
		64B853031A9920D100A49E62 /* QtOpenCV.h */ = {isa = PBXFileReference; lastKnownFileType = sourcecode.c.h; path = QtOpenCV.h; sourceTree = "<group>"; };
		64B853051A9920D100A49E62 /* Find-Object.png */ = {isa = PBXFileReference; lastKnownFileType = image.png; path = "Find-Object.png"; sourceTree = "<group>"; };
		64B853061A9920D100A49E62 /* TheWorkingGroup_video_pause.ico */ = {isa = PBXFileReference; lastKnownFileType = image.ico; path = TheWorkingGroup_video_pause.ico; sourceTree = "<group>"; };
		64B853071A9920D100A49E62 /* TheWorkingGroup_video_play.ico */ = {isa = PBXFileReference; lastKnownFileType = image.ico; path = TheWorkingGroup_video_play.ico; sourceTree = "<group>"; };
		64B853081A9920D100A49E62 /* TheWorkingGroup_video_stop.ico */ = {isa = PBXFileReference; lastKnownFileType = image.ico; path = TheWorkingGroup_video_stop.ico; sourceTree = "<group>"; };
		64B853091A9920D100A49E62 /* resources.qrc */ = {isa = PBXFileReference; lastKnownFileType = text; path = resources.qrc; sourceTree = "<group>"; };
		64B8530B1A9920D100A49E62 /* PdfPlot.cpp */ = {isa = PBXFileReference; lastKnownFileType = sourcecode.cpp.cpp; path = PdfPlot.cpp; sourceTree = "<group>"; };
		64B8530C1A9920D100A49E62 /* PdfPlot.h */ = {isa = PBXFileReference; lastKnownFileType = sourcecode.c.h; path = PdfPlot.h; sourceTree = "<group>"; };
		64B8530D1A9920D100A49E62 /* Settings.cpp */ = {isa = PBXFileReference; lastKnownFileType = sourcecode.cpp.cpp; path = Settings.cpp; sourceTree = "<group>"; };
		64B8530E1A9920D100A49E62 /* Settings.h */ = {isa = PBXFileReference; lastKnownFileType = sourcecode.c.h; path = Settings.h; sourceTree = "<group>"; };
		64B853101A9920D100A49E62 /* aboutDialog.ui */ = {isa = PBXFileReference; lastKnownFileType = text.xml; path = aboutDialog.ui; sourceTree = "<group>"; };
		64B853111A9920D100A49E62 /* addObjectDialog.ui */ = {isa = PBXFileReference; lastKnownFileType = text.xml; path = addObjectDialog.ui; sourceTree = "<group>"; };
		64B853121A9920D100A49E62 /* mainWindow.ui */ = {isa = PBXFileReference; lastKnownFileType = text.xml; path = mainWindow.ui; sourceTree = "<group>"; };
		64B853141A9920D100A49E62 /* UDirectory.cpp */ = {isa = PBXFileReference; lastKnownFileType = sourcecode.cpp.cpp; path = UDirectory.cpp; sourceTree = "<group>"; };
		64B853151A9920D100A49E62 /* UDirectory.h */ = {isa = PBXFileReference; lastKnownFileType = sourcecode.c.h; path = UDirectory.h; sourceTree = "<group>"; };
		64B853161A9920D100A49E62 /* UFile.cpp */ = {isa = PBXFileReference; lastKnownFileType = sourcecode.cpp.cpp; path = UFile.cpp; sourceTree = "<group>"; };
		64B853171A9920D100A49E62 /* UFile.h */ = {isa = PBXFileReference; lastKnownFileType = sourcecode.c.h; path = UFile.h; sourceTree = "<group>"; };
		64B853181A9920D100A49E62 /* UPlot.cpp */ = {isa = PBXFileReference; lastKnownFileType = sourcecode.cpp.cpp; path = UPlot.cpp; sourceTree = "<group>"; };
		64B853191A9920D100A49E62 /* UPlot.h */ = {isa = PBXFileReference; lastKnownFileType = sourcecode.c.h; path = UPlot.h; sourceTree = "<group>"; };
		64B8531A1A9920D100A49E62 /* UStl.h */ = {isa = PBXFileReference; lastKnownFileType = sourcecode.c.h; path = UStl.h; sourceTree = "<group>"; };
/* End PBXFileReference section */

/* Begin PBXGroup section */
		64B852D31A9920A900A49E62 = {
			isa = PBXGroup;
			children = (
				64B852DA1A9920D100A49E62 /* Find-Object-0.4.1-Source */,
			);
			sourceTree = "<group>";
		};
		64B852DA1A9920D100A49E62 /* Find-Object-0.4.1-Source */ = {
			isa = PBXGroup;
			children = (
				64B852DB1A9920D100A49E62 /* .cproject */,
				64B852DC1A9920D100A49E62 /* .project */,
				64B852DD1A9920D100A49E62 /* app */,
				64B852E41A9920D100A49E62 /* bin */,
				64B852E71A9920D100A49E62 /* build */,
				64B852E91A9920D100A49E62 /* cmake_uninstall.cmake.in */,
				64B852EA1A9920D100A49E62 /* CMakeLists.txt */,
				64B852EB1A9920D100A49E62 /* example */,
				64B852EE1A9920D100A49E62 /* FindObject.xcodeproj */,
				64B852F11A9920D100A49E62 /* LICENSE */,
				64B852F21A9920D100A49E62 /* README */,
				64B852F31A9920D100A49E62 /* src */,
			);
			name = "Find-Object-0.4.1-Source";
			sourceTree = "<group>";
		};
		64B852DD1A9920D100A49E62 /* app */ = {
			isa = PBXGroup;
			children = (
				64B852DE1A9920D100A49E62 /* CMakeLists.txt */,
				64B852DF1A9920D100A49E62 /* Find-Object.icns */,
				64B852E01A9920D100A49E62 /* Find-Object.ico */,
				64B852E11A9920D100A49E62 /* Find-Object.ifx */,
				64B852E21A9920D100A49E62 /* Find-Object.rc */,
				64B852E31A9920D100A49E62 /* main.cpp */,
			);
			path = app;
			sourceTree = "<group>";
		};
		64B852E41A9920D100A49E62 /* bin */ = {
			isa = PBXGroup;
			children = (
				64B852E51A9920D100A49E62 /* box.png */,
				64B852E61A9920D100A49E62 /* box_in_scene.png */,
			);
			path = bin;
			sourceTree = "<group>";
		};
		64B852E71A9920D100A49E62 /* build */ = {
			isa = PBXGroup;
			children = (
				64B852E81A9920D100A49E62 /* .empty */,
			);
			path = build;
			sourceTree = "<group>";
		};
		64B852EB1A9920D100A49E62 /* example */ = {
			isa = PBXGroup;
			children = (
				64B852EC1A9920D100A49E62 /* CMakeLists.txt */,
				64B852ED1A9920D100A49E62 /* main.cpp */,
			);
			path = example;
			sourceTree = "<group>";
		};
		64B852EF1A9920D100A49E62 /* Products */ = {
			isa = PBXGroup;
			name = Products;
			sourceTree = "<group>";
		};
		64B852F31A9920D100A49E62 /* src */ = {
			isa = PBXGroup;
			children = (
				64B852F41A9920D100A49E62 /* AboutDialog.cpp */,
				64B852F51A9920D100A49E62 /* AboutDialog.h */,
				64B852F61A9920D100A49E62 /* AddObjectDialog.cpp */,
				64B852F71A9920D100A49E62 /* AddObjectDialog.h */,
				64B852F81A9920D100A49E62 /* Camera.cpp */,
				64B852F91A9920D100A49E62 /* Camera.h */,
				64B852FA1A9920D100A49E62 /* KeypointItem.cpp */,
				64B852FB1A9920D100A49E62 /* KeypointItem.h */,
				64B852FC1A9920D100A49E62 /* MainWindow.cpp */,
				64B852FD1A9920D100A49E62 /* MainWindow.h */,
				64B852FE1A9920D100A49E62 /* ObjWidget.cpp */,
				64B852FF1A9920D100A49E62 /* ObjWidget.h */,
				64B853001A9920D100A49E62 /* ParametersToolBox.cpp */,
				64B853011A9920D100A49E62 /* ParametersToolBox.h */,
				64B853021A9920D100A49E62 /* QtOpenCV.cpp */,
				64B853031A9920D100A49E62 /* QtOpenCV.h */,
				64B853041A9920D100A49E62 /* resources */,
				64B853091A9920D100A49E62 /* resources.qrc */,
				64B8530A1A9920D100A49E62 /* rtabmap */,
				64B8530D1A9920D100A49E62 /* Settings.cpp */,
				64B8530E1A9920D100A49E62 /* Settings.h */,
				64B8530F1A9920D100A49E62 /* ui */,
				64B853131A9920D100A49E62 /* utilite */,
			);
			path = src;
			sourceTree = "<group>";
		};
		64B853041A9920D100A49E62 /* resources */ = {
			isa = PBXGroup;
			children = (
				64B853051A9920D100A49E62 /* Find-Object.png */,
				64B853061A9920D100A49E62 /* TheWorkingGroup_video_pause.ico */,
				64B853071A9920D100A49E62 /* TheWorkingGroup_video_play.ico */,
				64B853081A9920D100A49E62 /* TheWorkingGroup_video_stop.ico */,
			);
			path = resources;
			sourceTree = "<group>";
		};
		64B8530A1A9920D100A49E62 /* rtabmap */ = {
			isa = PBXGroup;
			children = (
				64B8530B1A9920D100A49E62 /* PdfPlot.cpp */,
				64B8530C1A9920D100A49E62 /* PdfPlot.h */,
			);
			path = rtabmap;
			sourceTree = "<group>";
		};
		64B8530F1A9920D100A49E62 /* ui */ = {
			isa = PBXGroup;
			children = (
				64B853101A9920D100A49E62 /* aboutDialog.ui */,
				64B853111A9920D100A49E62 /* addObjectDialog.ui */,
				64B853121A9920D100A49E62 /* mainWindow.ui */,
			);
			path = ui;
			sourceTree = "<group>";
		};
		64B853131A9920D100A49E62 /* utilite */ = {
			isa = PBXGroup;
			children = (
				64B853141A9920D100A49E62 /* UDirectory.cpp */,
				64B853151A9920D100A49E62 /* UDirectory.h */,
				64B853161A9920D100A49E62 /* UFile.cpp */,
				64B853171A9920D100A49E62 /* UFile.h */,
				64B853181A9920D100A49E62 /* UPlot.cpp */,
				64B853191A9920D100A49E62 /* UPlot.h */,
				64B8531A1A9920D100A49E62 /* UStl.h */,
			);
			path = utilite;
			sourceTree = "<group>";
		};
/* End PBXGroup section */

/* Begin PBXProject section */
		64B852D41A9920A900A49E62 /* Project object */ = {
			isa = PBXProject;
			attributes = {
				LastUpgradeCheck = 0610;
			};
			buildConfigurationList = 64B852D71A9920A900A49E62 /* Build configuration list for PBXProject "FindObject" */;
			compatibilityVersion = "Xcode 3.2";
			developmentRegion = English;
			hasScannedForEncodings = 0;
			knownRegions = (
				en,
			);
			mainGroup = 64B852D31A9920A900A49E62;
			projectDirPath = "";
			projectReferences = (
				{
					ProductGroup = 64B852EF1A9920D100A49E62 /* Products */;
					ProjectRef = 64B852EE1A9920D100A49E62 /* FindObject.xcodeproj */;
				},
			);
			projectRoot = "";
			targets = (
			);
		};
/* End PBXProject section */

/* Begin XCBuildConfiguration section */
		64B852D81A9920A900A49E62 /* Debug */ = {
			isa = XCBuildConfiguration;
			buildSettings = {
			};
			name = Debug;
		};
		64B852D91A9920A900A49E62 /* Release */ = {
			isa = XCBuildConfiguration;
			buildSettings = {
			};
			name = Release;
		};
/* End XCBuildConfiguration section */

/* Begin XCConfigurationList section */
		64B852D71A9920A900A49E62 /* Build configuration list for PBXProject "FindObject" */ = {
			isa = XCConfigurationList;
			buildConfigurations = (
				64B852D81A9920A900A49E62 /* Debug */,
				64B852D91A9920A900A49E62 /* Release */,
			);
			defaultConfigurationIsVisible = 0;
			defaultConfigurationName = Release;
		};
/* End XCConfigurationList section */
	};
	rootObject = 64B852D41A9920A900A49E62 /* Project object */;
}
