// !$*UTF8*$!
{
	archiveVersion = 1;
	classes = {
	};
	objectVersion = 46;
	objects = {

/* Begin PBXBuildFile section */
		6426E2241AAB8100007F021E /* 20 USD note.png in CopyFiles */ = {isa = PBXBuildFile; fileRef = 6426E21D1AAB80C2007F021E /* 20 USD note.png */; };
		6426E2251AAB8100007F021E /* black diamond.png in CopyFiles */ = {isa = PBXBuildFile; fileRef = 6426E21E1AAB80C2007F021E /* black diamond.png */; };
		6426E2261AAB8100007F021E /* feature-detect.xml in CopyFiles */ = {isa = PBXBuildFile; fileRef = 6426E21F1AAB80C2007F021E /* feature-detect.xml */; };
		6426E2271AAB8100007F021E /* flor.jpg in CopyFiles */ = {isa = PBXBuildFile; fileRef = 6426E2201AAB80C2007F021E /* flor.jpg */; };
		6426E2281AAB8100007F021E /* hough-lines.xml in CopyFiles */ = {isa = PBXBuildFile; fileRef = 6426E2211AAB80C2007F021E /* hough-lines.xml */; };
		6426E2291AAB8100007F021E /* iittala_owl.jpg in CopyFiles */ = {isa = PBXBuildFile; fileRef = 6426E2221AAB80C2007F021E /* iittala_owl.jpg */; };
		6426E22A1AAB8100007F021E /* space monkey.jpg in CopyFiles */ = {isa = PBXBuildFile; fileRef = 6426E2231AAB80C2007F021E /* space monkey.jpg */; };
		6426E2301AAFAF34007F021E /* libopencv_tracking.3.0.0.dylib in Frameworks */ = {isa = PBXBuildFile; fileRef = 6426E22F1AAFAF34007F021E /* libopencv_tracking.3.0.0.dylib */; };
		6426E2321AB131BA007F021E /* libopencv_ml.3.0.0.dylib in Frameworks */ = {isa = PBXBuildFile; fileRef = 6426E2311AB131BA007F021E /* libopencv_ml.3.0.0.dylib */; };
		6426E2351AB246FB007F021E /* ObjectDetectorFPN.cpp in Sources */ = {isa = PBXBuildFile; fileRef = 6426E2331AB246FB007F021E /* ObjectDetectorFPN.cpp */; };
		6426E2401AB25A9F007F021E /* face-detect.xml in CopyFiles */ = {isa = PBXBuildFile; fileRef = 6426E2361AB255EA007F021E /* face-detect.xml */; };
		6426E2411AB25AA9007F021E /* lbpcascade_frontalface.xml in CopyFiles */ = {isa = PBXBuildFile; fileRef = 6426E23E1AB2587F007F021E /* lbpcascade_frontalface.xml */; };
		644F534B1AAA98F80035DD91 /* cli.cpp in Sources */ = {isa = PBXBuildFile; fileRef = 644F53491AAA98F80035DD91 /* cli.cpp */; };
		646498D61A8E75D8000C07E1 /* libopencv_core.3.0.0.dylib in Frameworks */ = {isa = PBXBuildFile; fileRef = 646498D51A8E75D8000C07E1 /* libopencv_core.3.0.0.dylib */; };
		646498D81A8E760B000C07E1 /* libopencv_highgui.3.0.0.dylib in Frameworks */ = {isa = PBXBuildFile; fileRef = 646498D71A8E760B000C07E1 /* libopencv_highgui.3.0.0.dylib */; };
		646498DA1A8EC2CF000C07E1 /* libopencv_video.3.0.0.dylib in Frameworks */ = {isa = PBXBuildFile; fileRef = 646498D91A8EC2CF000C07E1 /* libopencv_video.3.0.0.dylib */; };
		646498DD1A8EC310000C07E1 /* libopencv_videoio.3.0.0.dylib in Frameworks */ = {isa = PBXBuildFile; fileRef = 646498DB1A8EC310000C07E1 /* libopencv_videoio.3.0.0.dylib */; };
		646498DE1A8EC310000C07E1 /* libopencv_videostab.3.0.0.dylib in Frameworks */ = {isa = PBXBuildFile; fileRef = 646498DC1A8EC310000C07E1 /* libopencv_videostab.3.0.0.dylib */; };
		646498E11A903BB9000C07E1 /* libopencv_imgcodecs.3.0.0.dylib in Frameworks */ = {isa = PBXBuildFile; fileRef = 646498DF1A903BB9000C07E1 /* libopencv_imgcodecs.3.0.0.dylib */; };
		646498E21A903BB9000C07E1 /* libopencv_imgproc.3.0.0.dylib in Frameworks */ = {isa = PBXBuildFile; fileRef = 646498E01A903BB9000C07E1 /* libopencv_imgproc.3.0.0.dylib */; };
		6470A9F81A956576009B4139 /* FrameProcessNode.cpp in Sources */ = {isa = PBXBuildFile; fileRef = 6470A9E51A956576009B4139 /* FrameProcessNode.cpp */; };
		6470A9F91A956576009B4139 /* FrameProcessNodeFactory.cpp in Sources */ = {isa = PBXBuildFile; fileRef = 6470A9E71A956576009B4139 /* FrameProcessNodeFactory.cpp */; };
		6470A9FA1A956576009B4139 /* HoughLineFPNode.cpp in Sources */ = {isa = PBXBuildFile; fileRef = 6470A9E91A956576009B4139 /* HoughLineFPNode.cpp */; };
		6470A9FF1A956576009B4139 /* VideoProcess.cpp in Sources */ = {isa = PBXBuildFile; fileRef = 6470A9F41A956576009B4139 /* VideoProcess.cpp */; };
		6470AA011A956576009B4139 /* main.cpp in Sources */ = {isa = PBXBuildFile; fileRef = 6470A9F71A956576009B4139 /* main.cpp */; };
		6470AA041A956601009B4139 /* CannyFPNode.cpp in Sources */ = {isa = PBXBuildFile; fileRef = 6470AA021A956601009B4139 /* CannyFPNode.cpp */; };
		64B8531D1A99505100A49E62 /* FeatureDetectorFPN.cpp in Sources */ = {isa = PBXBuildFile; fileRef = 64B8531B1A99505100A49E62 /* FeatureDetectorFPN.cpp */; };
		64B853201A9C312B00A49E62 /* libopencv_features2d.3.0.0.dylib in Frameworks */ = {isa = PBXBuildFile; fileRef = 64B8531E1A9C312B00A49E62 /* libopencv_features2d.3.0.0.dylib */; };
		64B853211A9C312C00A49E62 /* libopencv_flann.3.0.0.dylib in Frameworks */ = {isa = PBXBuildFile; fileRef = 64B8531F1A9C312B00A49E62 /* libopencv_flann.3.0.0.dylib */; };
		64B853231A9C316800A49E62 /* libopencv_xfeatures2d.3.0.0.dylib in Frameworks */ = {isa = PBXBuildFile; fileRef = 64B853221A9C316800A49E62 /* libopencv_xfeatures2d.3.0.0.dylib */; };
		64B853251A9C318A00A49E62 /* libopencv_xobjdetect.3.0.0.dylib in Frameworks */ = {isa = PBXBuildFile; fileRef = 64B853241A9C318A00A49E62 /* libopencv_xobjdetect.3.0.0.dylib */; };
		64B853281A9C31DA00A49E62 /* libopencv_calib3d.3.0.0.dylib in Frameworks */ = {isa = PBXBuildFile; fileRef = 64B853261A9C31DA00A49E62 /* libopencv_calib3d.3.0.0.dylib */; };
		64B853291A9C31DA00A49E62 /* libopencv_ccalib.3.0.0.dylib in Frameworks */ = {isa = PBXBuildFile; fileRef = 64B853271A9C31DA00A49E62 /* libopencv_ccalib.3.0.0.dylib */; };
		64B8532C1A9C320500A49E62 /* libopencv_objdetect.3.0.0.dylib in Frameworks */ = {isa = PBXBuildFile; fileRef = 64B8532A1A9C320500A49E62 /* libopencv_objdetect.3.0.0.dylib */; };
		64B8532D1A9C320500A49E62 /* libopencv_optflow.3.0.0.dylib in Frameworks */ = {isa = PBXBuildFile; fileRef = 64B8532B1A9C320500A49E62 /* libopencv_optflow.3.0.0.dylib */; };
		64E835261A9FA0D8001C5256 /* FeatureFactory.cpp in Sources */ = {isa = PBXBuildFile; fileRef = 64E835241A9FA0D7001C5256 /* FeatureFactory.cpp */; };
		64E835291AA7C23F001C5256 /* utils.cpp in Sources */ = {isa = PBXBuildFile; fileRef = 64E835281AA7C23F001C5256 /* utils.cpp */; };
/* End PBXBuildFile section */

/* Begin PBXCopyFilesBuildPhase section */
		646498C81A8E748B000C07E1 /* CopyFiles */ = {
			isa = PBXCopyFilesBuildPhase;
			buildActionMask = 12;
			dstPath = data;
			dstSubfolderSpec = 16;
			files = (
				6426E2411AB25AA9007F021E /* lbpcascade_frontalface.xml in CopyFiles */,
				6426E2401AB25A9F007F021E /* face-detect.xml in CopyFiles */,
				6426E2241AAB8100007F021E /* 20 USD note.png in CopyFiles */,
				6426E2251AAB8100007F021E /* black diamond.png in CopyFiles */,
				6426E2261AAB8100007F021E /* feature-detect.xml in CopyFiles */,
				6426E2271AAB8100007F021E /* flor.jpg in CopyFiles */,
				6426E2281AAB8100007F021E /* hough-lines.xml in CopyFiles */,
				6426E2291AAB8100007F021E /* iittala_owl.jpg in CopyFiles */,
				6426E22A1AAB8100007F021E /* space monkey.jpg in CopyFiles */,
			);
			runOnlyForDeploymentPostprocessing = 0;
		};
/* End PBXCopyFilesBuildPhase section */

/* Begin PBXFileReference section */
		6426E21D1AAB80C2007F021E /* 20 USD note.png */ = {isa = PBXFileReference; lastKnownFileType = image.png; path = "20 USD note.png"; sourceTree = "<group>"; };
		6426E21E1AAB80C2007F021E /* black diamond.png */ = {isa = PBXFileReference; lastKnownFileType = image.png; path = "black diamond.png"; sourceTree = "<group>"; };
		6426E21F1AAB80C2007F021E /* feature-detect.xml */ = {isa = PBXFileReference; lastKnownFileType = text.xml; path = "feature-detect.xml"; sourceTree = "<group>"; };
		6426E2201AAB80C2007F021E /* flor.jpg */ = {isa = PBXFileReference; lastKnownFileType = image.jpeg; path = flor.jpg; sourceTree = "<group>"; };
		6426E2211AAB80C2007F021E /* hough-lines.xml */ = {isa = PBXFileReference; lastKnownFileType = text.xml; path = "hough-lines.xml"; sourceTree = "<group>"; };
		6426E2221AAB80C2007F021E /* iittala_owl.jpg */ = {isa = PBXFileReference; lastKnownFileType = image.jpeg; path = iittala_owl.jpg; sourceTree = "<group>"; };
		6426E2231AAB80C2007F021E /* space monkey.jpg */ = {isa = PBXFileReference; lastKnownFileType = image.jpeg; path = "space monkey.jpg"; sourceTree = "<group>"; };
		6426E22B1AABE601007F021E /* README */ = {isa = PBXFileReference; fileEncoding = 4; lastKnownFileType = text; path = README; sourceTree = "<group>"; };
		6426E22C1AAD4CDD007F021E /* utils.hpp */ = {isa = PBXFileReference; lastKnownFileType = sourcecode.cpp.h; path = utils.hpp; sourceTree = "<group>"; };
		6426E22D1AAD60E3007F021E /* ratio_io */ = {isa = PBXFileReference; fileEncoding = 4; lastKnownFileType = text; path = ratio_io; sourceTree = "<group>"; };
		6426E22E1AAD60E3007F021E /* chrono_io */ = {isa = PBXFileReference; fileEncoding = 4; lastKnownFileType = text; path = chrono_io; sourceTree = "<group>"; };
		6426E22F1AAFAF34007F021E /* libopencv_tracking.3.0.0.dylib */ = {isa = PBXFileReference; lastKnownFileType = "compiled.mach-o.dylib"; name = libopencv_tracking.3.0.0.dylib; path = ../../../../../usr/local/lib/libopencv_tracking.3.0.0.dylib; sourceTree = "<group>"; };
		6426E2311AB131BA007F021E /* libopencv_ml.3.0.0.dylib */ = {isa = PBXFileReference; lastKnownFileType = "compiled.mach-o.dylib"; name = libopencv_ml.3.0.0.dylib; path = ../../../../../usr/local/lib/libopencv_ml.3.0.0.dylib; sourceTree = "<group>"; };
		6426E2331AB246FB007F021E /* ObjectDetectorFPN.cpp */ = {isa = PBXFileReference; fileEncoding = 4; lastKnownFileType = sourcecode.cpp.cpp; path = ObjectDetectorFPN.cpp; sourceTree = "<group>"; };
		6426E2341AB246FB007F021E /* ObjectDetectorFPN.hpp */ = {isa = PBXFileReference; fileEncoding = 4; lastKnownFileType = sourcecode.cpp.h; path = ObjectDetectorFPN.hpp; sourceTree = "<group>"; };
		6426E2361AB255EA007F021E /* face-detect.xml */ = {isa = PBXFileReference; fileEncoding = 4; lastKnownFileType = text.xml; path = "face-detect.xml"; sourceTree = "<group>"; };
		6426E23D1AB2587F007F021E /* lbpcascade_profileface.xml */ = {isa = PBXFileReference; fileEncoding = 4; lastKnownFileType = text.xml; path = lbpcascade_profileface.xml; sourceTree = "<group>"; };
		6426E23E1AB2587F007F021E /* lbpcascade_frontalface.xml */ = {isa = PBXFileReference; fileEncoding = 4; lastKnownFileType = text.xml; path = lbpcascade_frontalface.xml; sourceTree = "<group>"; };
		6426E23F1AB2587F007F021E /* lbpcascade_frontalcatface.xml */ = {isa = PBXFileReference; fileEncoding = 4; lastKnownFileType = text.xml; path = lbpcascade_frontalcatface.xml; sourceTree = "<group>"; };
		644F53491AAA98F80035DD91 /* cli.cpp */ = {isa = PBXFileReference; fileEncoding = 4; lastKnownFileType = sourcecode.cpp.cpp; path = cli.cpp; sourceTree = "<group>"; };
		644F534A1AAA98F80035DD91 /* cli.hpp */ = {isa = PBXFileReference; fileEncoding = 4; lastKnownFileType = sourcecode.cpp.h; path = cli.hpp; sourceTree = "<group>"; };
		646498CA1A8E748B000C07E1 /* ocv */ = {isa = PBXFileReference; explicitFileType = "compiled.mach-o.executable"; includeInIndex = 0; path = ocv; sourceTree = BUILT_PRODUCTS_DIR; };
		646498D51A8E75D8000C07E1 /* libopencv_core.3.0.0.dylib */ = {isa = PBXFileReference; lastKnownFileType = "compiled.mach-o.dylib"; name = libopencv_core.3.0.0.dylib; path = ../../../../../usr/local/lib/libopencv_core.3.0.0.dylib; sourceTree = "<group>"; };
		646498D71A8E760B000C07E1 /* libopencv_highgui.3.0.0.dylib */ = {isa = PBXFileReference; lastKnownFileType = "compiled.mach-o.dylib"; name = libopencv_highgui.3.0.0.dylib; path = ../../../../../usr/local/lib/libopencv_highgui.3.0.0.dylib; sourceTree = "<group>"; };
		646498D91A8EC2CF000C07E1 /* libopencv_video.3.0.0.dylib */ = {isa = PBXFileReference; lastKnownFileType = "compiled.mach-o.dylib"; name = libopencv_video.3.0.0.dylib; path = ../../../../../usr/local/lib/libopencv_video.3.0.0.dylib; sourceTree = "<group>"; };
		646498DB1A8EC310000C07E1 /* libopencv_videoio.3.0.0.dylib */ = {isa = PBXFileReference; lastKnownFileType = "compiled.mach-o.dylib"; name = libopencv_videoio.3.0.0.dylib; path = ../../../../../usr/local/lib/libopencv_videoio.3.0.0.dylib; sourceTree = "<group>"; };
		646498DC1A8EC310000C07E1 /* libopencv_videostab.3.0.0.dylib */ = {isa = PBXFileReference; lastKnownFileType = "compiled.mach-o.dylib"; name = libopencv_videostab.3.0.0.dylib; path = ../../../../../usr/local/lib/libopencv_videostab.3.0.0.dylib; sourceTree = "<group>"; };
		646498DF1A903BB9000C07E1 /* libopencv_imgcodecs.3.0.0.dylib */ = {isa = PBXFileReference; lastKnownFileType = "compiled.mach-o.dylib"; name = libopencv_imgcodecs.3.0.0.dylib; path = ../../../../../usr/local/lib/libopencv_imgcodecs.3.0.0.dylib; sourceTree = "<group>"; };
		646498E01A903BB9000C07E1 /* libopencv_imgproc.3.0.0.dylib */ = {isa = PBXFileReference; lastKnownFileType = "compiled.mach-o.dylib"; name = libopencv_imgproc.3.0.0.dylib; path = ../../../../../usr/local/lib/libopencv_imgproc.3.0.0.dylib; sourceTree = "<group>"; };
		6470A9E51A956576009B4139 /* FrameProcessNode.cpp */ = {isa = PBXFileReference; fileEncoding = 4; lastKnownFileType = sourcecode.cpp.cpp; path = FrameProcessNode.cpp; sourceTree = "<group>"; };
		6470A9E61A956576009B4139 /* FrameProcessNode.hpp */ = {isa = PBXFileReference; fileEncoding = 4; lastKnownFileType = sourcecode.cpp.h; path = FrameProcessNode.hpp; sourceTree = "<group>"; };
		6470A9E71A956576009B4139 /* FrameProcessNodeFactory.cpp */ = {isa = PBXFileReference; fileEncoding = 4; lastKnownFileType = sourcecode.cpp.cpp; path = FrameProcessNodeFactory.cpp; sourceTree = "<group>"; };
		6470A9E81A956576009B4139 /* FrameProcessNodeFactory.hpp */ = {isa = PBXFileReference; fileEncoding = 4; lastKnownFileType = sourcecode.cpp.h; path = FrameProcessNodeFactory.hpp; sourceTree = "<group>"; };
		6470A9E91A956576009B4139 /* HoughLineFPNode.cpp */ = {isa = PBXFileReference; fileEncoding = 4; lastKnownFileType = sourcecode.cpp.cpp; path = HoughLineFPNode.cpp; sourceTree = "<group>"; };
		6470A9EA1A956576009B4139 /* HoughLineFPNode.hpp */ = {isa = PBXFileReference; fileEncoding = 4; lastKnownFileType = sourcecode.cpp.h; path = HoughLineFPNode.hpp; sourceTree = "<group>"; };
		6470A9F21A956576009B4139 /* graphcut.cpp */ = {isa = PBXFileReference; fileEncoding = 4; lastKnownFileType = sourcecode.cpp.cpp; path = graphcut.cpp; sourceTree = "<group>"; };
		6470A9F41A956576009B4139 /* VideoProcess.cpp */ = {isa = PBXFileReference; fileEncoding = 4; lastKnownFileType = sourcecode.cpp.cpp; path = VideoProcess.cpp; sourceTree = "<group>"; };
		6470A9F61A956576009B4139 /* VideoProcess.hpp */ = {isa = PBXFileReference; fileEncoding = 4; lastKnownFileType = sourcecode.cpp.h; path = VideoProcess.hpp; sourceTree = "<group>"; };
		6470A9F71A956576009B4139 /* main.cpp */ = {isa = PBXFileReference; fileEncoding = 4; lastKnownFileType = sourcecode.cpp.cpp; path = main.cpp; sourceTree = "<group>"; };
		6470AA021A956601009B4139 /* CannyFPNode.cpp */ = {isa = PBXFileReference; fileEncoding = 4; lastKnownFileType = sourcecode.cpp.cpp; path = CannyFPNode.cpp; sourceTree = "<group>"; };
		6470AA031A956601009B4139 /* CannyFPNode.hpp */ = {isa = PBXFileReference; fileEncoding = 4; lastKnownFileType = sourcecode.cpp.h; path = CannyFPNode.hpp; sourceTree = "<group>"; };
		64B5AA721AA816A70000511A /* iittala_owl.jpg */ = {isa = PBXFileReference; lastKnownFileType = image.jpeg; path = iittala_owl.jpg; sourceTree = "<group>"; };
		64B5AA741AA823A80000511A /* space monkey.jpg */ = {isa = PBXFileReference; lastKnownFileType = image.jpeg; path = "space monkey.jpg"; sourceTree = "<group>"; };
		64B5AA751AA823A80000511A /* flor.jpg */ = {isa = PBXFileReference; lastKnownFileType = image.jpeg; path = flor.jpg; sourceTree = "<group>"; };
		64B8531B1A99505100A49E62 /* FeatureDetectorFPN.cpp */ = {isa = PBXFileReference; fileEncoding = 4; lastKnownFileType = sourcecode.cpp.cpp; path = FeatureDetectorFPN.cpp; sourceTree = "<group>"; };
		64B8531C1A99505100A49E62 /* FeatureDetectorFPN.hpp */ = {isa = PBXFileReference; fileEncoding = 4; lastKnownFileType = sourcecode.cpp.h; path = FeatureDetectorFPN.hpp; sourceTree = "<group>"; };
		64B8531E1A9C312B00A49E62 /* libopencv_features2d.3.0.0.dylib */ = {isa = PBXFileReference; lastKnownFileType = "compiled.mach-o.dylib"; name = libopencv_features2d.3.0.0.dylib; path = ../../../../../usr/local/lib/libopencv_features2d.3.0.0.dylib; sourceTree = "<group>"; };
		64B8531F1A9C312B00A49E62 /* libopencv_flann.3.0.0.dylib */ = {isa = PBXFileReference; lastKnownFileType = "compiled.mach-o.dylib"; name = libopencv_flann.3.0.0.dylib; path = ../../../../../usr/local/lib/libopencv_flann.3.0.0.dylib; sourceTree = "<group>"; };
		64B853221A9C316800A49E62 /* libopencv_xfeatures2d.3.0.0.dylib */ = {isa = PBXFileReference; lastKnownFileType = "compiled.mach-o.dylib"; name = libopencv_xfeatures2d.3.0.0.dylib; path = ../../../../../usr/local/lib/libopencv_xfeatures2d.3.0.0.dylib; sourceTree = "<group>"; };
		64B853241A9C318A00A49E62 /* libopencv_xobjdetect.3.0.0.dylib */ = {isa = PBXFileReference; lastKnownFileType = "compiled.mach-o.dylib"; name = libopencv_xobjdetect.3.0.0.dylib; path = ../../../../../usr/local/lib/libopencv_xobjdetect.3.0.0.dylib; sourceTree = "<group>"; };
		64B853261A9C31DA00A49E62 /* libopencv_calib3d.3.0.0.dylib */ = {isa = PBXFileReference; lastKnownFileType = "compiled.mach-o.dylib"; name = libopencv_calib3d.3.0.0.dylib; path = ../../../../../usr/local/lib/libopencv_calib3d.3.0.0.dylib; sourceTree = "<group>"; };
		64B853271A9C31DA00A49E62 /* libopencv_ccalib.3.0.0.dylib */ = {isa = PBXFileReference; lastKnownFileType = "compiled.mach-o.dylib"; name = libopencv_ccalib.3.0.0.dylib; path = ../../../../../usr/local/lib/libopencv_ccalib.3.0.0.dylib; sourceTree = "<group>"; };
		64B8532A1A9C320500A49E62 /* libopencv_objdetect.3.0.0.dylib */ = {isa = PBXFileReference; lastKnownFileType = "compiled.mach-o.dylib"; name = libopencv_objdetect.3.0.0.dylib; path = ../../../../../usr/local/lib/libopencv_objdetect.3.0.0.dylib; sourceTree = "<group>"; };
		64B8532B1A9C320500A49E62 /* libopencv_optflow.3.0.0.dylib */ = {isa = PBXFileReference; lastKnownFileType = "compiled.mach-o.dylib"; name = libopencv_optflow.3.0.0.dylib; path = ../../../../../usr/local/lib/libopencv_optflow.3.0.0.dylib; sourceTree = "<group>"; };
		64E835241A9FA0D7001C5256 /* FeatureFactory.cpp */ = {isa = PBXFileReference; fileEncoding = 4; lastKnownFileType = sourcecode.cpp.cpp; path = FeatureFactory.cpp; sourceTree = "<group>"; };
		64E835251A9FA0D8001C5256 /* FeatureFactory.hpp */ = {isa = PBXFileReference; fileEncoding = 4; lastKnownFileType = sourcecode.cpp.h; path = FeatureFactory.hpp; sourceTree = "<group>"; };
		64E835271A9FA519001C5256 /* ocvstd.hpp */ = {isa = PBXFileReference; lastKnownFileType = sourcecode.cpp.h; path = ocvstd.hpp; sourceTree = SOURCE_ROOT; };
		64E835281AA7C23F001C5256 /* utils.cpp */ = {isa = PBXFileReference; fileEncoding = 4; lastKnownFileType = sourcecode.cpp.cpp; path = utils.cpp; sourceTree = "<group>"; };
		64E8352B1AA8049E001C5256 /* 20 USD note.png */ = {isa = PBXFileReference; lastKnownFileType = image.png; path = "20 USD note.png"; sourceTree = "<group>"; };
		64E8352D1AA813DD001C5256 /* black diamond.png */ = {isa = PBXFileReference; lastKnownFileType = image.png; path = "black diamond.png"; sourceTree = "<group>"; };
/* End PBXFileReference section */

/* Begin PBXFrameworksBuildPhase section */
		646498C71A8E748B000C07E1 /* Frameworks */ = {
			isa = PBXFrameworksBuildPhase;
			buildActionMask = 2147483647;
			files = (
				64B853211A9C312C00A49E62 /* libopencv_flann.3.0.0.dylib in Frameworks */,
				6426E2301AAFAF34007F021E /* libopencv_tracking.3.0.0.dylib in Frameworks */,
				646498DD1A8EC310000C07E1 /* libopencv_videoio.3.0.0.dylib in Frameworks */,
				64B853231A9C316800A49E62 /* libopencv_xfeatures2d.3.0.0.dylib in Frameworks */,
				64B853281A9C31DA00A49E62 /* libopencv_calib3d.3.0.0.dylib in Frameworks */,
				646498E21A903BB9000C07E1 /* libopencv_imgproc.3.0.0.dylib in Frameworks */,
				6426E2321AB131BA007F021E /* libopencv_ml.3.0.0.dylib in Frameworks */,
				64B853291A9C31DA00A49E62 /* libopencv_ccalib.3.0.0.dylib in Frameworks */,
				64B853201A9C312B00A49E62 /* libopencv_features2d.3.0.0.dylib in Frameworks */,
				64B8532C1A9C320500A49E62 /* libopencv_objdetect.3.0.0.dylib in Frameworks */,
				646498DA1A8EC2CF000C07E1 /* libopencv_video.3.0.0.dylib in Frameworks */,
				646498D81A8E760B000C07E1 /* libopencv_highgui.3.0.0.dylib in Frameworks */,
				646498D61A8E75D8000C07E1 /* libopencv_core.3.0.0.dylib in Frameworks */,
				64B8532D1A9C320500A49E62 /* libopencv_optflow.3.0.0.dylib in Frameworks */,
				646498DE1A8EC310000C07E1 /* libopencv_videostab.3.0.0.dylib in Frameworks */,
				64B853251A9C318A00A49E62 /* libopencv_xobjdetect.3.0.0.dylib in Frameworks */,
				646498E11A903BB9000C07E1 /* libopencv_imgcodecs.3.0.0.dylib in Frameworks */,
			);
			runOnlyForDeploymentPostprocessing = 0;
		};
/* End PBXFrameworksBuildPhase section */

/* Begin PBXGroup section */
		6426E21C1AAB80C2007F021E /* data */ = {
			isa = PBXGroup;
			children = (
				6426E2371AB256A3007F021E /* lbpcascades */,
				6426E2211AAB80C2007F021E /* hough-lines.xml */,
				6426E21F1AAB80C2007F021E /* feature-detect.xml */,
				6426E2361AB255EA007F021E /* face-detect.xml */,
				6426E21D1AAB80C2007F021E /* 20 USD note.png */,
				6426E21E1AAB80C2007F021E /* black diamond.png */,
				6426E2201AAB80C2007F021E /* flor.jpg */,
				6426E2221AAB80C2007F021E /* iittala_owl.jpg */,
				6426E2231AAB80C2007F021E /* space monkey.jpg */,
			);
			path = data;
			sourceTree = "<group>";
		};
		6426E2371AB256A3007F021E /* lbpcascades */ = {
			isa = PBXGroup;
			children = (
				6426E23D1AB2587F007F021E /* lbpcascade_profileface.xml */,
				6426E23E1AB2587F007F021E /* lbpcascade_frontalface.xml */,
				6426E23F1AB2587F007F021E /* lbpcascade_frontalcatface.xml */,
			);
			path = lbpcascades;
			sourceTree = "<group>";
		};
		646498C11A8E748B000C07E1 = {
			isa = PBXGroup;
			children = (
				6426E21C1AAB80C2007F021E /* data */,
				6470A9E41A956576009B4139 /* FrameProcess */,
				6470A9F11A956576009B4139 /* ref-only */,
				6470A9F61A956576009B4139 /* VideoProcess.hpp */,
				6470A9F41A956576009B4139 /* VideoProcess.cpp */,
				64E835271A9FA519001C5256 /* ocvstd.hpp */,
				6426E22D1AAD60E3007F021E /* ratio_io */,
				6426E22E1AAD60E3007F021E /* chrono_io */,
				644F53491AAA98F80035DD91 /* cli.cpp */,
				644F534A1AAA98F80035DD91 /* cli.hpp */,
				64E835281AA7C23F001C5256 /* utils.cpp */,
				6426E22C1AAD4CDD007F021E /* utils.hpp */,
				6426E22B1AABE601007F021E /* README */,
				6470A9F71A956576009B4139 /* main.cpp */,
				64E8352A1AA8049E001C5256 /* data */,
				646498D41A8E757F000C07E1 /* OpenCV Frameworks */,
				646498CB1A8E748B000C07E1 /* Products */,
			);
			sourceTree = "<group>";
		};
		646498CB1A8E748B000C07E1 /* Products */ = {
			isa = PBXGroup;
			children = (
				646498CA1A8E748B000C07E1 /* ocv */,
			);
			name = Products;
			sourceTree = "<group>";
		};
		646498D41A8E757F000C07E1 /* OpenCV Frameworks */ = {
			isa = PBXGroup;
			children = (
				64B8532A1A9C320500A49E62 /* libopencv_objdetect.3.0.0.dylib */,
				6426E2311AB131BA007F021E /* libopencv_ml.3.0.0.dylib */,
				6426E22F1AAFAF34007F021E /* libopencv_tracking.3.0.0.dylib */,
				64B8532B1A9C320500A49E62 /* libopencv_optflow.3.0.0.dylib */,
				64B853261A9C31DA00A49E62 /* libopencv_calib3d.3.0.0.dylib */,
				64B853271A9C31DA00A49E62 /* libopencv_ccalib.3.0.0.dylib */,
				64B853241A9C318A00A49E62 /* libopencv_xobjdetect.3.0.0.dylib */,
				64B853221A9C316800A49E62 /* libopencv_xfeatures2d.3.0.0.dylib */,
				64B8531E1A9C312B00A49E62 /* libopencv_features2d.3.0.0.dylib */,
				64B8531F1A9C312B00A49E62 /* libopencv_flann.3.0.0.dylib */,
				646498DF1A903BB9000C07E1 /* libopencv_imgcodecs.3.0.0.dylib */,
				646498E01A903BB9000C07E1 /* libopencv_imgproc.3.0.0.dylib */,
				646498DB1A8EC310000C07E1 /* libopencv_videoio.3.0.0.dylib */,
				646498DC1A8EC310000C07E1 /* libopencv_videostab.3.0.0.dylib */,
				646498D91A8EC2CF000C07E1 /* libopencv_video.3.0.0.dylib */,
				646498D71A8E760B000C07E1 /* libopencv_highgui.3.0.0.dylib */,
				646498D51A8E75D8000C07E1 /* libopencv_core.3.0.0.dylib */,
			);
			name = "OpenCV Frameworks";
			sourceTree = "<group>";
		};
		6470A9E41A956576009B4139 /* FrameProcess */ = {
			isa = PBXGroup;
			children = (
				64E835251A9FA0D8001C5256 /* FeatureFactory.hpp */,
				64E835241A9FA0D7001C5256 /* FeatureFactory.cpp */,
				6470A9E61A956576009B4139 /* FrameProcessNode.hpp */,
				6470A9E51A956576009B4139 /* FrameProcessNode.cpp */,
				6470A9E81A956576009B4139 /* FrameProcessNodeFactory.hpp */,
				6470A9E71A956576009B4139 /* FrameProcessNodeFactory.cpp */,
				6470AA031A956601009B4139 /* CannyFPNode.hpp */,
				6470AA021A956601009B4139 /* CannyFPNode.cpp */,
				6470A9EA1A956576009B4139 /* HoughLineFPNode.hpp */,
				6470A9E91A956576009B4139 /* HoughLineFPNode.cpp */,
				64B8531C1A99505100A49E62 /* FeatureDetectorFPN.hpp */,
				64B8531B1A99505100A49E62 /* FeatureDetectorFPN.cpp */,
				6426E2341AB246FB007F021E /* ObjectDetectorFPN.hpp */,
				6426E2331AB246FB007F021E /* ObjectDetectorFPN.cpp */,
			);
			path = FrameProcess;
			sourceTree = "<group>";
		};
		6470A9F11A956576009B4139 /* ref-only */ = {
			isa = PBXGroup;
			children = (
				6470A9F21A956576009B4139 /* graphcut.cpp */,
			);
			path = "ref-only";
			sourceTree = "<group>";
		};
		64E8352A1AA8049E001C5256 /* data */ = {
			isa = PBXGroup;
			children = (
				64B5AA741AA823A80000511A /* space monkey.jpg */,
				64B5AA751AA823A80000511A /* flor.jpg */,
				64B5AA721AA816A70000511A /* iittala_owl.jpg */,
				64E8352D1AA813DD001C5256 /* black diamond.png */,
				64E8352B1AA8049E001C5256 /* 20 USD note.png */,
			);
			path = data;
			sourceTree = "<group>";
		};
/* End PBXGroup section */

/* Begin PBXNativeTarget section */
		646498C91A8E748B000C07E1 /* ocv */ = {
			isa = PBXNativeTarget;
			buildConfigurationList = 646498D11A8E748B000C07E1 /* Build configuration list for PBXNativeTarget "ocv" */;
			buildPhases = (
				646498C61A8E748B000C07E1 /* Sources */,
				646498C71A8E748B000C07E1 /* Frameworks */,
				646498C81A8E748B000C07E1 /* CopyFiles */,
			);
			buildRules = (
			);
			dependencies = (
			);
			name = ocv;
			productName = ocv;
			productReference = 646498CA1A8E748B000C07E1 /* ocv */;
			productType = "com.apple.product-type.tool";
		};
/* End PBXNativeTarget section */

/* Begin PBXProject section */
		646498C21A8E748B000C07E1 /* Project object */ = {
			isa = PBXProject;
			attributes = {
				LastUpgradeCheck = 0610;
				ORGANIZATIONNAME = DarwinLabs;
				TargetAttributes = {
					646498C91A8E748B000C07E1 = {
						CreatedOnToolsVersion = 6.1.1;
					};
				};
			};
			buildConfigurationList = 646498C51A8E748B000C07E1 /* Build configuration list for PBXProject "ocv" */;
			compatibilityVersion = "Xcode 3.2";
			developmentRegion = English;
			hasScannedForEncodings = 0;
			knownRegions = (
				en,
			);
			mainGroup = 646498C11A8E748B000C07E1;
			productRefGroup = 646498CB1A8E748B000C07E1 /* Products */;
			projectDirPath = "";
			projectRoot = "";
			targets = (
				646498C91A8E748B000C07E1 /* ocv */,
			);
		};
/* End PBXProject section */

/* Begin PBXSourcesBuildPhase section */
		646498C61A8E748B000C07E1 /* Sources */ = {
			isa = PBXSourcesBuildPhase;
			buildActionMask = 2147483647;
			files = (
				6470A9F91A956576009B4139 /* FrameProcessNodeFactory.cpp in Sources */,
				64B8531D1A99505100A49E62 /* FeatureDetectorFPN.cpp in Sources */,
				64E835261A9FA0D8001C5256 /* FeatureFactory.cpp in Sources */,
				6470AA041A956601009B4139 /* CannyFPNode.cpp in Sources */,
				6470A9FA1A956576009B4139 /* HoughLineFPNode.cpp in Sources */,
				6470A9F81A956576009B4139 /* FrameProcessNode.cpp in Sources */,
				64E835291AA7C23F001C5256 /* utils.cpp in Sources */,
				6470AA011A956576009B4139 /* main.cpp in Sources */,
				644F534B1AAA98F80035DD91 /* cli.cpp in Sources */,
				6426E2351AB246FB007F021E /* ObjectDetectorFPN.cpp in Sources */,
				6470A9FF1A956576009B4139 /* VideoProcess.cpp in Sources */,
			);
			runOnlyForDeploymentPostprocessing = 0;
		};
/* End PBXSourcesBuildPhase section */

/* Begin XCBuildConfiguration section */
		646498CF1A8E748B000C07E1 /* Debug */ = {
			isa = XCBuildConfiguration;
			buildSettings = {
				ALWAYS_SEARCH_USER_PATHS = NO;
				CLANG_CXX_LANGUAGE_STANDARD = "gnu++0x";
				CLANG_CXX_LIBRARY = "libstdc++";
				CLANG_ENABLE_MODULES = YES;
				CLANG_ENABLE_OBJC_ARC = YES;
				CLANG_WARN_BOOL_CONVERSION = YES;
				CLANG_WARN_CONSTANT_CONVERSION = YES;
				CLANG_WARN_DIRECT_OBJC_ISA_USAGE = YES_ERROR;
				CLANG_WARN_EMPTY_BODY = YES;
				CLANG_WARN_ENUM_CONVERSION = YES;
				CLANG_WARN_INT_CONVERSION = YES;
				CLANG_WARN_OBJC_ROOT_CLASS = YES_ERROR;
				CLANG_WARN_UNREACHABLE_CODE = YES;
				CLANG_WARN__DUPLICATE_METHOD_MATCH = YES;
				COPY_PHASE_STRIP = NO;
				ENABLE_STRICT_OBJC_MSGSEND = YES;
				GCC_C_LANGUAGE_STANDARD = gnu99;
				GCC_DYNAMIC_NO_PIC = NO;
				GCC_OPTIMIZATION_LEVEL = 0;
				GCC_PREPROCESSOR_DEFINITIONS = (
					"DEBUG=1",
					"$(inherited)",
				);
				GCC_SYMBOLS_PRIVATE_EXTERN = NO;
				GCC_WARN_64_TO_32_BIT_CONVERSION = YES;
				GCC_WARN_ABOUT_RETURN_TYPE = YES_ERROR;
				GCC_WARN_UNDECLARED_SELECTOR = YES;
				GCC_WARN_UNINITIALIZED_AUTOS = YES_AGGRESSIVE;
				GCC_WARN_UNUSED_FUNCTION = YES;
				GCC_WARN_UNUSED_VARIABLE = YES;
				MACOSX_DEPLOYMENT_TARGET = 10.9;
				MTL_ENABLE_DEBUG_INFO = YES;
				ONLY_ACTIVE_ARCH = YES;
				SDKROOT = macosx;
			};
			name = Debug;
		};
		646498D01A8E748B000C07E1 /* Release */ = {
			isa = XCBuildConfiguration;
			buildSettings = {
				ALWAYS_SEARCH_USER_PATHS = NO;
				CLANG_CXX_LANGUAGE_STANDARD = "gnu++0x";
				CLANG_CXX_LIBRARY = "libstdc++";
				CLANG_ENABLE_MODULES = YES;
				CLANG_ENABLE_OBJC_ARC = YES;
				CLANG_WARN_BOOL_CONVERSION = YES;
				CLANG_WARN_CONSTANT_CONVERSION = YES;
				CLANG_WARN_DIRECT_OBJC_ISA_USAGE = YES_ERROR;
				CLANG_WARN_EMPTY_BODY = YES;
				CLANG_WARN_ENUM_CONVERSION = YES;
				CLANG_WARN_INT_CONVERSION = YES;
				CLANG_WARN_OBJC_ROOT_CLASS = YES_ERROR;
				CLANG_WARN_UNREACHABLE_CODE = YES;
				CLANG_WARN__DUPLICATE_METHOD_MATCH = YES;
				COPY_PHASE_STRIP = YES;
				DEBUG_INFORMATION_FORMAT = "dwarf-with-dsym";
				ENABLE_NS_ASSERTIONS = NO;
				ENABLE_STRICT_OBJC_MSGSEND = YES;
				GCC_C_LANGUAGE_STANDARD = gnu99;
				GCC_WARN_64_TO_32_BIT_CONVERSION = YES;
				GCC_WARN_ABOUT_RETURN_TYPE = YES_ERROR;
				GCC_WARN_UNDECLARED_SELECTOR = YES;
				GCC_WARN_UNINITIALIZED_AUTOS = YES_AGGRESSIVE;
				GCC_WARN_UNUSED_FUNCTION = YES;
				GCC_WARN_UNUSED_VARIABLE = YES;
				MACOSX_DEPLOYMENT_TARGET = 10.9;
				MTL_ENABLE_DEBUG_INFO = NO;
				SDKROOT = macosx;
			};
			name = Release;
		};
		646498D21A8E748B000C07E1 /* Debug */ = {
			isa = XCBuildConfiguration;
			buildSettings = {
				CLANG_CXX_LANGUAGE_STANDARD = "c++0x";
				CLANG_CXX_LIBRARY = "compiler-default";
				GCC_C_LANGUAGE_STANDARD = c11;
				HEADER_SEARCH_PATHS = (
					"$(inherited)",
					/Applications/Xcode.app/Contents/Developer/Toolchains/XcodeDefault.xctoolchain/usr/include,
					/usr/local/include,
				);
				LIBRARY_SEARCH_PATHS = /usr/local/lib;
				"OTHER_LDFLAGS[arch=*]" = "-v";
				PRODUCT_NAME = "$(TARGET_NAME)";
			};
			name = Debug;
		};
		646498D31A8E748B000C07E1 /* Release */ = {
			isa = XCBuildConfiguration;
			buildSettings = {
				CLANG_CXX_LANGUAGE_STANDARD = "c++0x";
				CLANG_CXX_LIBRARY = "compiler-default";
				GCC_C_LANGUAGE_STANDARD = c11;
				HEADER_SEARCH_PATHS = (
					"$(inherited)",
					/Applications/Xcode.app/Contents/Developer/Toolchains/XcodeDefault.xctoolchain/usr/include,
					/usr/local/include,
				);
				LIBRARY_SEARCH_PATHS = /usr/local/lib;
				PRODUCT_NAME = "$(TARGET_NAME)";
			};
			name = Release;
		};
/* End XCBuildConfiguration section */

/* Begin XCConfigurationList section */
		646498C51A8E748B000C07E1 /* Build configuration list for PBXProject "ocv" */ = {
			isa = XCConfigurationList;
			buildConfigurations = (
				646498CF1A8E748B000C07E1 /* Debug */,
				646498D01A8E748B000C07E1 /* Release */,
			);
			defaultConfigurationIsVisible = 0;
			defaultConfigurationName = Release;
		};
		646498D11A8E748B000C07E1 /* Build configuration list for PBXNativeTarget "ocv" */ = {
			isa = XCConfigurationList;
			buildConfigurations = (
				646498D21A8E748B000C07E1 /* Debug */,
				646498D31A8E748B000C07E1 /* Release */,
			);
			defaultConfigurationIsVisible = 0;
			defaultConfigurationName = Release;
		};
/* End XCConfigurationList section */
	};
	rootObject = 646498C21A8E748B000C07E1 /* Project object */;
}
